// !$*UTF8*$!
{
	archiveVersion = 1;
	classes = {
	};
	objectVersion = 77;
	objects = {

/* Begin PBXBuildFile section */
		CC1202492D6BB78C0011A118 /* MathView.swift in Sources */ = {isa = PBXBuildFile; fileRef = CC1202482D6BB7880011A118 /* MathView.swift */; };
		CC4710812D74DDE900F773CB /* Extensions.swift in Sources */ = {isa = PBXBuildFile; fileRef = CC4710802D74DDE100F773CB /* Extensions.swift */; };
		CC4710AA2D764AFC00F773CB /* MathKeyboardEngine in Frameworks */ = {isa = PBXBuildFile; productRef = CC4710A92D764AFC00F773CB /* MathKeyboardEngine */; };
		CC7620D22D6C2E07007BCD81 /* SwiftMath in Frameworks */ = {isa = PBXBuildFile; productRef = CC7620D12D6C2E07007BCD81 /* SwiftMath */; };
		CC7620D42D6C2E0C007BCD81 /* LaTeXSwiftUI in Frameworks */ = {isa = PBXBuildFile; productRef = CC7620D32D6C2E0C007BCD81 /* LaTeXSwiftUI */; };
/* End PBXBuildFile section */

/* Begin PBXContainerItemProxy section */
		CC12022B2D6BB2C20011A118 /* PBXContainerItemProxy */ = {
			isa = PBXContainerItemProxy;
			containerPortal = CC1202102D6BB2C10011A118 /* Project object */;
			proxyType = 1;
			remoteGlobalIDString = CC1202172D6BB2C10011A118;
			remoteInfo = learningSwift;
		};
		CC1202352D6BB2C20011A118 /* PBXContainerItemProxy */ = {
			isa = PBXContainerItemProxy;
			containerPortal = CC1202102D6BB2C10011A118 /* Project object */;
			proxyType = 1;
			remoteGlobalIDString = CC1202172D6BB2C10011A118;
			remoteInfo = learningSwift;
		};
/* End PBXContainerItemProxy section */

/* Begin PBXFileReference section */
		CC1202182D6BB2C10011A118 /* learningSwift.app */ = {isa = PBXFileReference; explicitFileType = wrapper.application; includeInIndex = 0; path = learningSwift.app; sourceTree = BUILT_PRODUCTS_DIR; };
		CC12022A2D6BB2C20011A118 /* learningSwiftTests.xctest */ = {isa = PBXFileReference; explicitFileType = wrapper.cfbundle; includeInIndex = 0; path = learningSwiftTests.xctest; sourceTree = BUILT_PRODUCTS_DIR; };
		CC1202342D6BB2C20011A118 /* learningSwiftUITests.xctest */ = {isa = PBXFileReference; explicitFileType = wrapper.cfbundle; includeInIndex = 0; path = learningSwiftUITests.xctest; sourceTree = BUILT_PRODUCTS_DIR; };
		CC1202482D6BB7880011A118 /* MathView.swift */ = {isa = PBXFileReference; lastKnownFileType = sourcecode.swift; path = MathView.swift; sourceTree = "<group>"; };
		CC4710802D74DDE100F773CB /* Extensions.swift */ = {isa = PBXFileReference; lastKnownFileType = sourcecode.swift; path = Extensions.swift; sourceTree = "<group>"; };
/* End PBXFileReference section */

/* Begin PBXFileSystemSynchronizedBuildFileExceptionSet section */
		CC3A48D42D9B362000B3319F /* Exceptions for "learningSwift" folder in "learningSwift" target */ = {
			isa = PBXFileSystemSynchronizedBuildFileExceptionSet;
			membershipExceptions = (
				Info.plist,
			);
			target = CC1202172D6BB2C10011A118 /* learningSwift */;
		};
/* End PBXFileSystemSynchronizedBuildFileExceptionSet section */

/* Begin PBXFileSystemSynchronizedRootGroup section */
		CC12021A2D6BB2C10011A118 /* learningSwift */ = {
			isa = PBXFileSystemSynchronizedRootGroup;
			exceptions = (
				CC3A48D42D9B362000B3319F /* Exceptions for "learningSwift" folder in "learningSwift" target */,
			);
			path = learningSwift;
			sourceTree = "<group>";
		};
		CC12022D2D6BB2C20011A118 /* learningSwiftTests */ = {
			isa = PBXFileSystemSynchronizedRootGroup;
			path = learningSwiftTests;
			sourceTree = "<group>";
		};
		CC1202372D6BB2C20011A118 /* learningSwiftUITests */ = {
			isa = PBXFileSystemSynchronizedRootGroup;
			path = learningSwiftUITests;
			sourceTree = "<group>";
		};
/* End PBXFileSystemSynchronizedRootGroup section */

/* Begin PBXFrameworksBuildPhase section */
		CC1202152D6BB2C10011A118 /* Frameworks */ = {
			isa = PBXFrameworksBuildPhase;
			buildActionMask = 2147483647;
			files = (
				CC7620D22D6C2E07007BCD81 /* SwiftMath in Frameworks */,
				CC4710AA2D764AFC00F773CB /* MathKeyboardEngine in Frameworks */,
				CC7620D42D6C2E0C007BCD81 /* LaTeXSwiftUI in Frameworks */,
			);
			runOnlyForDeploymentPostprocessing = 0;
		};
		CC1202272D6BB2C20011A118 /* Frameworks */ = {
			isa = PBXFrameworksBuildPhase;
			buildActionMask = 2147483647;
			files = (
			);
			runOnlyForDeploymentPostprocessing = 0;
		};
		CC1202312D6BB2C20011A118 /* Frameworks */ = {
			isa = PBXFrameworksBuildPhase;
			buildActionMask = 2147483647;
			files = (
			);
			runOnlyForDeploymentPostprocessing = 0;
		};
/* End PBXFrameworksBuildPhase section */

/* Begin PBXGroup section */
		CC12020F2D6BB2C10011A118 = {
			isa = PBXGroup;
			children = (
				CC12021A2D6BB2C10011A118 /* learningSwift */,
				CC12022D2D6BB2C20011A118 /* learningSwiftTests */,
				CC1202372D6BB2C20011A118 /* learningSwiftUITests */,
				CC1202192D6BB2C10011A118 /* Products */,
				CC1202482D6BB7880011A118 /* MathView.swift */,
				CC7620D02D6C2E07007BCD81 /* Frameworks */,
				CC4710802D74DDE100F773CB /* Extensions.swift */,
			);
			sourceTree = "<group>";
		};
		CC1202192D6BB2C10011A118 /* Products */ = {
			isa = PBXGroup;
			children = (
				CC1202182D6BB2C10011A118 /* learningSwift.app */,
				CC12022A2D6BB2C20011A118 /* learningSwiftTests.xctest */,
				CC1202342D6BB2C20011A118 /* learningSwiftUITests.xctest */,
			);
			name = Products;
			sourceTree = "<group>";
		};
		CC7620D02D6C2E07007BCD81 /* Frameworks */ = {
			isa = PBXGroup;
			children = (
			);
			name = Frameworks;
			sourceTree = "<group>";
		};
/* End PBXGroup section */

/* Begin PBXNativeTarget section */
		CC1202172D6BB2C10011A118 /* learningSwift */ = {
			isa = PBXNativeTarget;
			buildConfigurationList = CC12023E2D6BB2C20011A118 /* Build configuration list for PBXNativeTarget "learningSwift" */;
			buildPhases = (
				CC1202142D6BB2C10011A118 /* Sources */,
				CC1202152D6BB2C10011A118 /* Frameworks */,
				CC1202162D6BB2C10011A118 /* Resources */,
			);
			buildRules = (
			);
			dependencies = (
				CC4710A82D764AF200F773CB /* PBXTargetDependency */,
				CC1202642D6BCB120011A118 /* PBXTargetDependency */,
				CC1202622D6BC9F90011A118 /* PBXTargetDependency */,
			);
			fileSystemSynchronizedGroups = (
				CC12021A2D6BB2C10011A118 /* learningSwift */,
			);
			name = learningSwift;
			packageProductDependencies = (
				CC7620D12D6C2E07007BCD81 /* SwiftMath */,
				CC7620D32D6C2E0C007BCD81 /* LaTeXSwiftUI */,
				CC4710A92D764AFC00F773CB /* MathKeyboardEngine */,
			);
			productName = learningSwift;
			productReference = CC1202182D6BB2C10011A118 /* learningSwift.app */;
			productType = "com.apple.product-type.application";
		};
		CC1202292D6BB2C20011A118 /* learningSwiftTests */ = {
			isa = PBXNativeTarget;
			buildConfigurationList = CC1202412D6BB2C20011A118 /* Build configuration list for PBXNativeTarget "learningSwiftTests" */;
			buildPhases = (
				CC1202262D6BB2C20011A118 /* Sources */,
				CC1202272D6BB2C20011A118 /* Frameworks */,
				CC1202282D6BB2C20011A118 /* Resources */,
			);
			buildRules = (
			);
			dependencies = (
				CC12022C2D6BB2C20011A118 /* PBXTargetDependency */,
			);
			fileSystemSynchronizedGroups = (
				CC12022D2D6BB2C20011A118 /* learningSwiftTests */,
			);
			name = learningSwiftTests;
			packageProductDependencies = (
			);
			productName = learningSwiftTests;
			productReference = CC12022A2D6BB2C20011A118 /* learningSwiftTests.xctest */;
			productType = "com.apple.product-type.bundle.unit-test";
		};
		CC1202332D6BB2C20011A118 /* learningSwiftUITests */ = {
			isa = PBXNativeTarget;
			buildConfigurationList = CC1202442D6BB2C20011A118 /* Build configuration list for PBXNativeTarget "learningSwiftUITests" */;
			buildPhases = (
				CC1202302D6BB2C20011A118 /* Sources */,
				CC1202312D6BB2C20011A118 /* Frameworks */,
				CC1202322D6BB2C20011A118 /* Resources */,
			);
			buildRules = (
			);
			dependencies = (
				CC1202362D6BB2C20011A118 /* PBXTargetDependency */,
			);
			fileSystemSynchronizedGroups = (
				CC1202372D6BB2C20011A118 /* learningSwiftUITests */,
			);
			name = learningSwiftUITests;
			packageProductDependencies = (
			);
			productName = learningSwiftUITests;
			productReference = CC1202342D6BB2C20011A118 /* learningSwiftUITests.xctest */;
			productType = "com.apple.product-type.bundle.ui-testing";
		};
/* End PBXNativeTarget section */

/* Begin PBXProject section */
		CC1202102D6BB2C10011A118 /* Project object */ = {
			isa = PBXProject;
			attributes = {
				BuildIndependentTargetsInParallel = 1;
				LastSwiftUpdateCheck = 1620;
				LastUpgradeCheck = 1620;
				TargetAttributes = {
					CC1202172D6BB2C10011A118 = {
						CreatedOnToolsVersion = 16.2;
					};
					CC1202292D6BB2C20011A118 = {
						CreatedOnToolsVersion = 16.2;
						TestTargetID = CC1202172D6BB2C10011A118;
					};
					CC1202332D6BB2C20011A118 = {
						CreatedOnToolsVersion = 16.2;
						TestTargetID = CC1202172D6BB2C10011A118;
					};
				};
			};
			buildConfigurationList = CC1202132D6BB2C10011A118 /* Build configuration list for PBXProject "learningSwift" */;
			developmentRegion = en;
			hasScannedForEncodings = 0;
			knownRegions = (
				en,
				Base,
			);
			mainGroup = CC12020F2D6BB2C10011A118;
			minimizedProjectReferenceProxies = 1;
			packageReferences = (
				CC1202472D6BB6B90011A118 /* XCRemoteSwiftPackageReference "SwiftMath" */,
				CC1202602D6BC7EE0011A118 /* XCRemoteSwiftPackageReference "LaTeXSwiftUI" */,
				CC4710A62D764ABE00F773CB /* XCRemoteSwiftPackageReference "MathKeyboardEngine" */,
				CCEA3AE02E5F366B00FCEF87 /* XCRemoteSwiftPackageReference "firebase-ios-sdk" */,
			);
			preferredProjectObjectVersion = 77;
			productRefGroup = CC1202192D6BB2C10011A118 /* Products */;
			projectDirPath = "";
			projectRoot = "";
			targets = (
				CC1202172D6BB2C10011A118 /* learningSwift */,
				CC1202292D6BB2C20011A118 /* learningSwiftTests */,
				CC1202332D6BB2C20011A118 /* learningSwiftUITests */,
			);
		};
/* End PBXProject section */

/* Begin PBXResourcesBuildPhase section */
		CC1202162D6BB2C10011A118 /* Resources */ = {
			isa = PBXResourcesBuildPhase;
			buildActionMask = 2147483647;
			files = (
			);
			runOnlyForDeploymentPostprocessing = 0;
		};
		CC1202282D6BB2C20011A118 /* Resources */ = {
			isa = PBXResourcesBuildPhase;
			buildActionMask = 2147483647;
			files = (
			);
			runOnlyForDeploymentPostprocessing = 0;
		};
		CC1202322D6BB2C20011A118 /* Resources */ = {
			isa = PBXResourcesBuildPhase;
			buildActionMask = 2147483647;
			files = (
			);
			runOnlyForDeploymentPostprocessing = 0;
		};
/* End PBXResourcesBuildPhase section */

/* Begin PBXSourcesBuildPhase section */
		CC1202142D6BB2C10011A118 /* Sources */ = {
			isa = PBXSourcesBuildPhase;
			buildActionMask = 2147483647;
			files = (
				CC1202492D6BB78C0011A118 /* MathView.swift in Sources */,
				CC4710812D74DDE900F773CB /* Extensions.swift in Sources */,
			);
			runOnlyForDeploymentPostprocessing = 0;
		};
		CC1202262D6BB2C20011A118 /* Sources */ = {
			isa = PBXSourcesBuildPhase;
			buildActionMask = 2147483647;
			files = (
			);
			runOnlyForDeploymentPostprocessing = 0;
		};
		CC1202302D6BB2C20011A118 /* Sources */ = {
			isa = PBXSourcesBuildPhase;
			buildActionMask = 2147483647;
			files = (
			);
			runOnlyForDeploymentPostprocessing = 0;
		};
/* End PBXSourcesBuildPhase section */

/* Begin PBXTargetDependency section */
		CC12022C2D6BB2C20011A118 /* PBXTargetDependency */ = {
			isa = PBXTargetDependency;
			target = CC1202172D6BB2C10011A118 /* learningSwift */;
			targetProxy = CC12022B2D6BB2C20011A118 /* PBXContainerItemProxy */;
		};
		CC1202362D6BB2C20011A118 /* PBXTargetDependency */ = {
			isa = PBXTargetDependency;
			target = CC1202172D6BB2C10011A118 /* learningSwift */;
			targetProxy = CC1202352D6BB2C20011A118 /* PBXContainerItemProxy */;
		};
		CC1202622D6BC9F90011A118 /* PBXTargetDependency */ = {
			isa = PBXTargetDependency;
			productRef = CC1202612D6BC9F90011A118 /* LaTeXSwiftUI */;
		};
		CC1202642D6BCB120011A118 /* PBXTargetDependency */ = {
			isa = PBXTargetDependency;
			productRef = CC1202632D6BCB120011A118 /* SwiftMath */;
		};
		CC4710A82D764AF200F773CB /* PBXTargetDependency */ = {
			isa = PBXTargetDependency;
			productRef = CC4710A72D764AF200F773CB /* MathKeyboardEngine */;
		};
/* End PBXTargetDependency section */

/* Begin XCBuildConfiguration section */
		CC12023C2D6BB2C20011A118 /* Debug */ = {
			isa = XCBuildConfiguration;
			buildSettings = {
				ALWAYS_SEARCH_USER_PATHS = NO;
				ASSETCATALOG_COMPILER_GENERATE_SWIFT_ASSET_SYMBOL_EXTENSIONS = YES;
				CLANG_ANALYZER_NONNULL = YES;
				CLANG_ANALYZER_NUMBER_OBJECT_CONVERSION = YES_AGGRESSIVE;
				CLANG_CXX_LANGUAGE_STANDARD = "gnu++20";
				CLANG_ENABLE_MODULES = YES;
				CLANG_ENABLE_OBJC_ARC = YES;
				CLANG_ENABLE_OBJC_WEAK = YES;
				CLANG_WARN_BLOCK_CAPTURE_AUTORELEASING = YES;
				CLANG_WARN_BOOL_CONVERSION = YES;
				CLANG_WARN_COMMA = YES;
				CLANG_WARN_CONSTANT_CONVERSION = YES;
				CLANG_WARN_DEPRECATED_OBJC_IMPLEMENTATIONS = YES;
				CLANG_WARN_DIRECT_OBJC_ISA_USAGE = YES_ERROR;
				CLANG_WARN_DOCUMENTATION_COMMENTS = YES;
				CLANG_WARN_EMPTY_BODY = YES;
				CLANG_WARN_ENUM_CONVERSION = YES;
				CLANG_WARN_INFINITE_RECURSION = YES;
				CLANG_WARN_INT_CONVERSION = YES;
				CLANG_WARN_NON_LITERAL_NULL_CONVERSION = YES;
				CLANG_WARN_OBJC_IMPLICIT_RETAIN_SELF = YES;
				CLANG_WARN_OBJC_LITERAL_CONVERSION = YES;
				CLANG_WARN_OBJC_ROOT_CLASS = YES_ERROR;
				CLANG_WARN_QUOTED_INCLUDE_IN_FRAMEWORK_HEADER = YES;
				CLANG_WARN_RANGE_LOOP_ANALYSIS = YES;
				CLANG_WARN_STRICT_PROTOTYPES = YES;
				CLANG_WARN_SUSPICIOUS_MOVE = YES;
				CLANG_WARN_UNGUARDED_AVAILABILITY = YES_AGGRESSIVE;
				CLANG_WARN_UNREACHABLE_CODE = YES;
				CLANG_WARN__DUPLICATE_METHOD_MATCH = YES;
				COPY_PHASE_STRIP = NO;
				DEBUG_INFORMATION_FORMAT = dwarf;
				ENABLE_STRICT_OBJC_MSGSEND = YES;
				ENABLE_TESTABILITY = YES;
				ENABLE_USER_SCRIPT_SANDBOXING = YES;
				GCC_C_LANGUAGE_STANDARD = gnu17;
				GCC_DYNAMIC_NO_PIC = NO;
				GCC_NO_COMMON_BLOCKS = YES;
				GCC_OPTIMIZATION_LEVEL = 0;
				GCC_PREPROCESSOR_DEFINITIONS = (
					"DEBUG=1",
					"$(inherited)",
				);
				GCC_WARN_64_TO_32_BIT_CONVERSION = YES;
				GCC_WARN_ABOUT_RETURN_TYPE = YES_ERROR;
				GCC_WARN_UNDECLARED_SELECTOR = YES;
				GCC_WARN_UNINITIALIZED_AUTOS = YES_AGGRESSIVE;
				GCC_WARN_UNUSED_FUNCTION = YES;
				GCC_WARN_UNUSED_VARIABLE = YES;
				IPHONEOS_DEPLOYMENT_TARGET = 18.2;
				LOCALIZATION_PREFERS_STRING_CATALOGS = YES;
				MTL_ENABLE_DEBUG_INFO = INCLUDE_SOURCE;
				MTL_FAST_MATH = YES;
				ONLY_ACTIVE_ARCH = YES;
				SDKROOT = iphoneos;
				SWIFT_ACTIVE_COMPILATION_CONDITIONS = "DEBUG $(inherited)";
				SWIFT_OPTIMIZATION_LEVEL = "-Onone";
			};
			name = Debug;
		};
		CC12023D2D6BB2C20011A118 /* Release */ = {
			isa = XCBuildConfiguration;
			buildSettings = {
				ALWAYS_SEARCH_USER_PATHS = NO;
				ASSETCATALOG_COMPILER_GENERATE_SWIFT_ASSET_SYMBOL_EXTENSIONS = YES;
				CLANG_ANALYZER_NONNULL = YES;
				CLANG_ANALYZER_NUMBER_OBJECT_CONVERSION = YES_AGGRESSIVE;
				CLANG_CXX_LANGUAGE_STANDARD = "gnu++20";
				CLANG_ENABLE_MODULES = YES;
				CLANG_ENABLE_OBJC_ARC = YES;
				CLANG_ENABLE_OBJC_WEAK = YES;
				CLANG_WARN_BLOCK_CAPTURE_AUTORELEASING = YES;
				CLANG_WARN_BOOL_CONVERSION = YES;
				CLANG_WARN_COMMA = YES;
				CLANG_WARN_CONSTANT_CONVERSION = YES;
				CLANG_WARN_DEPRECATED_OBJC_IMPLEMENTATIONS = YES;
				CLANG_WARN_DIRECT_OBJC_ISA_USAGE = YES_ERROR;
				CLANG_WARN_DOCUMENTATION_COMMENTS = YES;
				CLANG_WARN_EMPTY_BODY = YES;
				CLANG_WARN_ENUM_CONVERSION = YES;
				CLANG_WARN_INFINITE_RECURSION = YES;
				CLANG_WARN_INT_CONVERSION = YES;
				CLANG_WARN_NON_LITERAL_NULL_CONVERSION = YES;
				CLANG_WARN_OBJC_IMPLICIT_RETAIN_SELF = YES;
				CLANG_WARN_OBJC_LITERAL_CONVERSION = YES;
				CLANG_WARN_OBJC_ROOT_CLASS = YES_ERROR;
				CLANG_WARN_QUOTED_INCLUDE_IN_FRAMEWORK_HEADER = YES;
				CLANG_WARN_RANGE_LOOP_ANALYSIS = YES;
				CLANG_WARN_STRICT_PROTOTYPES = YES;
				CLANG_WARN_SUSPICIOUS_MOVE = YES;
				CLANG_WARN_UNGUARDED_AVAILABILITY = YES_AGGRESSIVE;
				CLANG_WARN_UNREACHABLE_CODE = YES;
				CLANG_WARN__DUPLICATE_METHOD_MATCH = YES;
				COPY_PHASE_STRIP = NO;
				DEBUG_INFORMATION_FORMAT = "dwarf-with-dsym";
				ENABLE_NS_ASSERTIONS = NO;
				ENABLE_STRICT_OBJC_MSGSEND = YES;
				ENABLE_USER_SCRIPT_SANDBOXING = YES;
				GCC_C_LANGUAGE_STANDARD = gnu17;
				GCC_NO_COMMON_BLOCKS = YES;
				GCC_WARN_64_TO_32_BIT_CONVERSION = YES;
				GCC_WARN_ABOUT_RETURN_TYPE = YES_ERROR;
				GCC_WARN_UNDECLARED_SELECTOR = YES;
				GCC_WARN_UNINITIALIZED_AUTOS = YES_AGGRESSIVE;
				GCC_WARN_UNUSED_FUNCTION = YES;
				GCC_WARN_UNUSED_VARIABLE = YES;
				IPHONEOS_DEPLOYMENT_TARGET = 18.2;
				LOCALIZATION_PREFERS_STRING_CATALOGS = YES;
				MTL_ENABLE_DEBUG_INFO = NO;
				MTL_FAST_MATH = YES;
				SDKROOT = iphoneos;
				SWIFT_COMPILATION_MODE = wholemodule;
				VALIDATE_PRODUCT = YES;
			};
			name = Release;
		};
		CC12023F2D6BB2C20011A118 /* Debug */ = {
			isa = XCBuildConfiguration;
			buildSettings = {
				ASSETCATALOG_COMPILER_APPICON_NAME = AppIcon;
				ASSETCATALOG_COMPILER_GLOBAL_ACCENT_COLOR_NAME = AccentColor;
				ASSETCATALOG_COMPILER_INCLUDE_ALL_APPICON_ASSETS = YES;
				CODE_SIGN_STYLE = Automatic;
				CURRENT_PROJECT_VERSION = 2;
				DEVELOPMENT_ASSET_PATHS = "\"learningSwift/Preview Content\"";
				DEVELOPMENT_TEAM = XZ5JXFXFC9;
				ENABLE_PREVIEWS = YES;
				GENERATE_INFOPLIST_FILE = YES;
				INFOPLIST_FILE = learningSwift/Info.plist;
				INFOPLIST_KEY_CFBundleDisplayName = TimedMath;
				INFOPLIST_KEY_LSApplicationCategoryType = "public.app-category.education";
				INFOPLIST_KEY_UIApplicationSceneManifest_Generation = YES;
				INFOPLIST_KEY_UIApplicationSupportsIndirectInputEvents = YES;
				INFOPLIST_KEY_UISupportedInterfaceOrientations_iPad = "UIInterfaceOrientationPortrait UIInterfaceOrientationPortraitUpsideDown UIInterfaceOrientationLandscapeLeft UIInterfaceOrientationLandscapeRight";
				INFOPLIST_KEY_UISupportedInterfaceOrientations_iPhone = "UIInterfaceOrientationPortrait UIInterfaceOrientationLandscapeLeft UIInterfaceOrientationLandscapeRight";
				LD_RUNPATH_SEARCH_PATHS = (
					"$(inherited)",
					"@executable_path/Frameworks",
				);
				MARKETING_VERSION = 1.1;
				PRODUCT_BUNDLE_IDENTIFIER = com.ex.hey.learningSwift;
				PRODUCT_NAME = "$(TARGET_NAME)";
				SUPPORTED_PLATFORMS = "iphoneos iphonesimulator";
				SUPPORTS_MACCATALYST = NO;
				SUPPORTS_MAC_DESIGNED_FOR_IPHONE_IPAD = NO;
				SUPPORTS_XR_DESIGNED_FOR_IPHONE_IPAD = NO;
				SWIFT_EMIT_LOC_STRINGS = YES;
				SWIFT_VERSION = 5.0;
				TARGETED_DEVICE_FAMILY = 1;
			};
			name = Debug;
		};
		CC1202402D6BB2C20011A118 /* Release */ = {
			isa = XCBuildConfiguration;
			buildSettings = {
				ASSETCATALOG_COMPILER_APPICON_NAME = AppIcon;
				ASSETCATALOG_COMPILER_GLOBAL_ACCENT_COLOR_NAME = AccentColor;
				ASSETCATALOG_COMPILER_INCLUDE_ALL_APPICON_ASSETS = YES;
				CODE_SIGN_STYLE = Automatic;
				CURRENT_PROJECT_VERSION = 2;
				DEVELOPMENT_ASSET_PATHS = "\"learningSwift/Preview Content\"";
				DEVELOPMENT_TEAM = XZ5JXFXFC9;
				ENABLE_PREVIEWS = YES;
				GENERATE_INFOPLIST_FILE = YES;
				INFOPLIST_FILE = learningSwift/Info.plist;
				INFOPLIST_KEY_CFBundleDisplayName = TimedMath;
				INFOPLIST_KEY_LSApplicationCategoryType = "public.app-category.education";
				INFOPLIST_KEY_UIApplicationSceneManifest_Generation = YES;
				INFOPLIST_KEY_UIApplicationSupportsIndirectInputEvents = YES;
				INFOPLIST_KEY_UISupportedInterfaceOrientations_iPad = "UIInterfaceOrientationPortrait UIInterfaceOrientationPortraitUpsideDown UIInterfaceOrientationLandscapeLeft UIInterfaceOrientationLandscapeRight";
				INFOPLIST_KEY_UISupportedInterfaceOrientations_iPhone = "UIInterfaceOrientationPortrait UIInterfaceOrientationLandscapeLeft UIInterfaceOrientationLandscapeRight";
				LD_RUNPATH_SEARCH_PATHS = (
					"$(inherited)",
					"@executable_path/Frameworks",
				);
				MARKETING_VERSION = 1.1;
				PRODUCT_BUNDLE_IDENTIFIER = com.ex.hey.learningSwift;
				PRODUCT_NAME = "$(TARGET_NAME)";
				SUPPORTED_PLATFORMS = "iphoneos iphonesimulator";
				SUPPORTS_MACCATALYST = NO;
				SUPPORTS_MAC_DESIGNED_FOR_IPHONE_IPAD = NO;
				SUPPORTS_XR_DESIGNED_FOR_IPHONE_IPAD = NO;
				SWIFT_EMIT_LOC_STRINGS = YES;
				SWIFT_VERSION = 5.0;
				TARGETED_DEVICE_FAMILY = 1;
			};
			name = Release;
		};
		CC1202422D6BB2C20011A118 /* Debug */ = {
			isa = XCBuildConfiguration;
			buildSettings = {
				BUNDLE_LOADER = "$(TEST_HOST)";
				CODE_SIGN_STYLE = Automatic;
				CURRENT_PROJECT_VERSION = 1;
				DEVELOPMENT_TEAM = XZ5JXFXFC9;
				GENERATE_INFOPLIST_FILE = YES;
				IPHONEOS_DEPLOYMENT_TARGET = 18.2;
				MARKETING_VERSION = 1.0;
				PRODUCT_BUNDLE_IDENTIFIER = com.ex.hey.learningSwiftTests;
				PRODUCT_NAME = "$(TARGET_NAME)";
				SWIFT_EMIT_LOC_STRINGS = NO;
				SWIFT_VERSION = 5.0;
				TARGETED_DEVICE_FAMILY = "1,2";
				TEST_HOST = "$(BUILT_PRODUCTS_DIR)/learningSwift.app/$(BUNDLE_EXECUTABLE_FOLDER_PATH)/learningSwift";
			};
			name = Debug;
		};
		CC1202432D6BB2C20011A118 /* Release */ = {
			isa = XCBuildConfiguration;
			buildSettings = {
				BUNDLE_LOADER = "$(TEST_HOST)";
				CODE_SIGN_STYLE = Automatic;
				CURRENT_PROJECT_VERSION = 1;
				DEVELOPMENT_TEAM = XZ5JXFXFC9;
				GENERATE_INFOPLIST_FILE = YES;
				IPHONEOS_DEPLOYMENT_TARGET = 18.2;
				MARKETING_VERSION = 1.0;
				PRODUCT_BUNDLE_IDENTIFIER = com.ex.hey.learningSwiftTests;
				PRODUCT_NAME = "$(TARGET_NAME)";
				SWIFT_EMIT_LOC_STRINGS = NO;
				SWIFT_VERSION = 5.0;
				TARGETED_DEVICE_FAMILY = "1,2";
				TEST_HOST = "$(BUILT_PRODUCTS_DIR)/learningSwift.app/$(BUNDLE_EXECUTABLE_FOLDER_PATH)/learningSwift";
			};
			name = Release;
		};
		CC1202452D6BB2C20011A118 /* Debug */ = {
			isa = XCBuildConfiguration;
			buildSettings = {
				CODE_SIGN_STYLE = Automatic;
				CURRENT_PROJECT_VERSION = 1;
				DEVELOPMENT_TEAM = XZ5JXFXFC9;
				GENERATE_INFOPLIST_FILE = YES;
				MARKETING_VERSION = 1.0;
				PRODUCT_BUNDLE_IDENTIFIER = com.ex.hey.learningSwiftUITests;
				PRODUCT_NAME = "$(TARGET_NAME)";
				SWIFT_EMIT_LOC_STRINGS = NO;
				SWIFT_VERSION = 5.0;
				TARGETED_DEVICE_FAMILY = "1,2";
				TEST_TARGET_NAME = learningSwift;
			};
			name = Debug;
		};
		CC1202462D6BB2C20011A118 /* Release */ = {
			isa = XCBuildConfiguration;
			buildSettings = {
				CODE_SIGN_STYLE = Automatic;
				CURRENT_PROJECT_VERSION = 1;
				DEVELOPMENT_TEAM = XZ5JXFXFC9;
				GENERATE_INFOPLIST_FILE = YES;
				MARKETING_VERSION = 1.0;
				PRODUCT_BUNDLE_IDENTIFIER = com.ex.hey.learningSwiftUITests;
				PRODUCT_NAME = "$(TARGET_NAME)";
				SWIFT_EMIT_LOC_STRINGS = NO;
				SWIFT_VERSION = 5.0;
				TARGETED_DEVICE_FAMILY = "1,2";
				TEST_TARGET_NAME = learningSwift;
			};
			name = Release;
		};
/* End XCBuildConfiguration section */

/* Begin XCConfigurationList section */
		CC1202132D6BB2C10011A118 /* Build configuration list for PBXProject "learningSwift" */ = {
			isa = XCConfigurationList;
			buildConfigurations = (
				CC12023C2D6BB2C20011A118 /* Debug */,
				CC12023D2D6BB2C20011A118 /* Release */,
			);
			defaultConfigurationIsVisible = 0;
			defaultConfigurationName = Release;
		};
		CC12023E2D6BB2C20011A118 /* Build configuration list for PBXNativeTarget "learningSwift" */ = {
			isa = XCConfigurationList;
			buildConfigurations = (
				CC12023F2D6BB2C20011A118 /* Debug */,
				CC1202402D6BB2C20011A118 /* Release */,
			);
			defaultConfigurationIsVisible = 0;
			defaultConfigurationName = Release;
		};
		CC1202412D6BB2C20011A118 /* Build configuration list for PBXNativeTarget "learningSwiftTests" */ = {
			isa = XCConfigurationList;
			buildConfigurations = (
				CC1202422D6BB2C20011A118 /* Debug */,
				CC1202432D6BB2C20011A118 /* Release */,
			);
			defaultConfigurationIsVisible = 0;
			defaultConfigurationName = Release;
		};
		CC1202442D6BB2C20011A118 /* Build configuration list for PBXNativeTarget "learningSwiftUITests" */ = {
			isa = XCConfigurationList;
			buildConfigurations = (
				CC1202452D6BB2C20011A118 /* Debug */,
				CC1202462D6BB2C20011A118 /* Release */,
			);
			defaultConfigurationIsVisible = 0;
			defaultConfigurationName = Release;
		};
/* End XCConfigurationList section */

/* Begin XCRemoteSwiftPackageReference section */
		CC1202472D6BB6B90011A118 /* XCRemoteSwiftPackageReference "SwiftMath" */ = {
			isa = XCRemoteSwiftPackageReference;
			repositoryURL = "https://github.com/mgriebling/SwiftMath";
			requirement = {
				kind = exactVersion;
				version = 1.7.1;
			};
		};
		CC1202602D6BC7EE0011A118 /* XCRemoteSwiftPackageReference "LaTeXSwiftUI" */ = {
			isa = XCRemoteSwiftPackageReference;
			repositoryURL = "https://github.com/colinc86/LaTeXSwiftUI";
			requirement = {
				branch = main;
				kind = branch;
			};
		};
		CC4710A62D764ABE00F773CB /* XCRemoteSwiftPackageReference "MathKeyboardEngine" */ = {
			isa = XCRemoteSwiftPackageReference;
			repositoryURL = "https://github.com/MathKeyboardEngine/MathKeyboardEngine.Swift";
			requirement = {
				kind = upToNextMajorVersion;
				minimumVersion = 1.0.0;
			};
		};
		CCEA3AE02E5F366B00FCEF87 /* XCRemoteSwiftPackageReference "firebase-ios-sdk" */ = {
			isa = XCRemoteSwiftPackageReference;
			repositoryURL = "https://github.com/firebase/firebase-ios-sdk";
			requirement = {
				kind = upToNextMajorVersion;
				minimumVersion = 12.1.0;
			};
		};
/* End XCRemoteSwiftPackageReference section */

/* Begin XCSwiftPackageProductDependency section */
		CC1202612D6BC9F90011A118 /* LaTeXSwiftUI */ = {
			isa = XCSwiftPackageProductDependency;
			package = CC1202602D6BC7EE0011A118 /* XCRemoteSwiftPackageReference "LaTeXSwiftUI" */;
			productName = LaTeXSwiftUI;
		};
		CC1202632D6BCB120011A118 /* SwiftMath */ = {
			isa = XCSwiftPackageProductDependency;
			package = CC1202472D6BB6B90011A118 /* XCRemoteSwiftPackageReference "SwiftMath" */;
			productName = SwiftMath;
		};
		CC4710A72D764AF200F773CB /* MathKeyboardEngine */ = {
			isa = XCSwiftPackageProductDependency;
			package = CC4710A62D764ABE00F773CB /* XCRemoteSwiftPackageReference "MathKeyboardEngine" */;
			productName = MathKeyboardEngine;
		};
		CC4710A92D764AFC00F773CB /* MathKeyboardEngine */ = {
			isa = XCSwiftPackageProductDependency;
			package = CC4710A62D764ABE00F773CB /* XCRemoteSwiftPackageReference "MathKeyboardEngine" */;
			productName = MathKeyboardEngine;
		};
		CC7620D12D6C2E07007BCD81 /* SwiftMath */ = {
			isa = XCSwiftPackageProductDependency;
			package = CC1202472D6BB6B90011A118 /* XCRemoteSwiftPackageReference "SwiftMath" */;
			productName = SwiftMath;
		};
		CC7620D32D6C2E0C007BCD81 /* LaTeXSwiftUI */ = {
			isa = XCSwiftPackageProductDependency;
			package = CC1202602D6BC7EE0011A118 /* XCRemoteSwiftPackageReference "LaTeXSwiftUI" */;
			productName = LaTeXSwiftUI;
		};
/* End XCSwiftPackageProductDependency section */
	};
	rootObject = CC1202102D6BB2C10011A118 /* Project object */;
}
